
Microsoft Visual Studio Solution File, Format Version 12.00
# Visual Studio Version 16
VisualStudioVersion = 16.0.29613.14
MinimumVisualStudioVersion = 10.0.40219.1
Project("{FAE04EC0-301F-11D3-BF4B-00C04F79EFBC}") = "WebApplication1", "WebApplication1.csproj", "{CCC70277-1333-4133-BA87-464064AB80FD}"
EndProject
Global
	GlobalSection(SolutionConfigurationPlatforms) = preSolution
		Debug|Any CPU = Debug|Any CPU
		Release|Any CPU = Release|Any CPU
	EndGlobalSection
	GlobalSection(ProjectConfigurationPlatforms) = postSolution
		{CCC70277-1333-4133-BA87-464064AB80FD}.Debug|Any CPU.ActiveCfg = Debug|Any CPU
		{CCC70277-1333-4133-BA87-464064AB80FD}.Debug|Any CPU.Build.0 = Debug|Any CPU
		{CCC70277-1333-4133-BA87-464064AB80FD}.Release|Any CPU.ActiveCfg = Release|Any CPU
		{CCC70277-1333-4133-BA87-464064AB80FD}.Release|Any CPU.Build.0 = Release|Any CPU
	EndGlobalSection
	GlobalSection(SolutionProperties) = preSolution
		HideSolutionNode = FALSE
	EndGlobalSection
	GlobalSection(ExtensibilityGlobals) = postSolution
		SolutionGuid = {6EA43399-3A2B-48CB-81E6-6F1419E1675E}
	EndGlobalSection
EndGlobal
